
Microsoft Visual Studio Solution File, Format Version 12.00
# Visual Studio Version 17
VisualStudioVersion = 17.0.32112.339
MinimumVisualStudioVersion = 10.0.40219.1
Project("{FAE04EC0-301F-11D3-BF4B-00C04F79EFBC}") = "MVRWebsite_Unibit_5sem_MWT_MVC", "MVRWebsite_Unibit_5sem_MWT_MVC.csproj", "{092B1EF3-2B75-4387-A9DE-1CF954F3AF96}"
EndProject
Global
	GlobalSection(SolutionConfigurationPlatforms) = preSolution
		Debug|Any CPU = Debug|Any CPU
		Release|Any CPU = Release|Any CPU
	EndGlobalSection
	GlobalSection(ProjectConfigurationPlatforms) = postSolution
		{092B1EF3-2B75-4387-A9DE-1CF954F3AF96}.Debug|Any CPU.ActiveCfg = Debug|Any CPU
		{092B1EF3-2B75-4387-A9DE-1CF954F3AF96}.Debug|Any CPU.Build.0 = Debug|Any CPU
		{092B1EF3-2B75-4387-A9DE-1CF954F3AF96}.Release|Any CPU.ActiveCfg = Release|Any CPU
		{092B1EF3-2B75-4387-A9DE-1CF954F3AF96}.Release|Any CPU.Build.0 = Release|Any CPU
	EndGlobalSection
	GlobalSection(SolutionProperties) = preSolution
		HideSolutionNode = FALSE
	EndGlobalSection
	GlobalSection(ExtensibilityGlobals) = postSolution
		SolutionGuid = {7EB42166-0CE4-4239-A3D3-409CA8AC0DFF}
	EndGlobalSection
EndGlobal
